
Microsoft Visual Studio Solution File, Format Version 12.00
# Visual Studio Version 17
VisualStudioVersion = 17.0.31903.59
MinimumVisualStudioVersion = 10.0.40219.1
Project("{F2A71F9B-5D33-465A-A702-920D77279786}") = "LoanRules", "LoanRules\LoanRules.fsproj", "{CD6B403A-AFB2-470C-A1DA-6989F45A2422}"
EndProject
Project("{FAE04EC0-301F-11D3-BF4B-00C04F79EFBC}") = "LoanApp", "LoanApp\LoanApp.csproj", "{0EC2CDE1-E368-49FD-90D8-E5AE64FB4ADB}"
EndProject
Global
	GlobalSection(SolutionConfigurationPlatforms) = preSolution
		Debug|Any CPU = Debug|Any CPU
		Release|Any CPU = Release|Any CPU
	EndGlobalSection
	GlobalSection(SolutionProperties) = preSolution
		HideSolutionNode = FALSE
	EndGlobalSection
	GlobalSection(ProjectConfigurationPlatforms) = postSolution
		{CD6B403A-AFB2-470C-A1DA-6989F45A2422}.Debug|Any CPU.ActiveCfg = Debug|Any CPU
		{CD6B403A-AFB2-470C-A1DA-6989F45A2422}.Debug|Any CPU.Build.0 = Debug|Any CPU
		{CD6B403A-AFB2-470C-A1DA-6989F45A2422}.Release|Any CPU.ActiveCfg = Release|Any CPU
		{CD6B403A-AFB2-470C-A1DA-6989F45A2422}.Release|Any CPU.Build.0 = Release|Any CPU
		{0EC2CDE1-E368-49FD-90D8-E5AE64FB4ADB}.Debug|Any CPU.ActiveCfg = Debug|Any CPU
		{0EC2CDE1-E368-49FD-90D8-E5AE64FB4ADB}.Debug|Any CPU.Build.0 = Debug|Any CPU
		{0EC2CDE1-E368-49FD-90D8-E5AE64FB4ADB}.Release|Any CPU.ActiveCfg = Release|Any CPU
		{0EC2CDE1-E368-49FD-90D8-E5AE64FB4ADB}.Release|Any CPU.Build.0 = Release|Any CPU
	EndGlobalSection
EndGlobal
